
Microsoft Visual Studio Solution File, Format Version 12.00
# Visual Studio 15
VisualStudioVersion = 15.0.27004.2009
MinimumVisualStudioVersion = 10.0.40219.1
Project("{FAE04EC0-301F-11D3-BF4B-00C04F79EFBC}") = "Diary.Web", "Diary.Web\Diary.Web.csproj", "{E27F9AAB-2C33-4205-AAA2-F1723428D71F}"
EndProject
Project("{FAE04EC0-301F-11D3-BF4B-00C04F79EFBC}") = "Diary.DAL", "Diary.DAL\Diary.DAL.csproj", "{410E733D-3666-415D-B601-0E5976C25456}"
EndProject
Project("{FAE04EC0-301F-11D3-BF4B-00C04F79EFBC}") = "Diary.BLL", "Diary.BLL\Diary.BLL.csproj", "{71F86462-3A3A-49F8-BB7F-53816D28EE27}"
EndProject
Project("{FAE04EC0-301F-11D3-BF4B-00C04F79EFBC}") = "ApiCheck", "ApiCheck\ApiCheck.csproj", "{22A1505D-6193-41DB-91EC-ADB49DB84EE3}"
EndProject
Global
	GlobalSection(SolutionConfigurationPlatforms) = preSolution
		Debug|Any CPU = Debug|Any CPU
		Release|Any CPU = Release|Any CPU
	EndGlobalSection
	GlobalSection(ProjectConfigurationPlatforms) = postSolution
		{E27F9AAB-2C33-4205-AAA2-F1723428D71F}.Debug|Any CPU.ActiveCfg = Debug|Any CPU
		{E27F9AAB-2C33-4205-AAA2-F1723428D71F}.Debug|Any CPU.Build.0 = Debug|Any CPU
		{E27F9AAB-2C33-4205-AAA2-F1723428D71F}.Release|Any CPU.ActiveCfg = Release|Any CPU
		{E27F9AAB-2C33-4205-AAA2-F1723428D71F}.Release|Any CPU.Build.0 = Release|Any CPU
		{410E733D-3666-415D-B601-0E5976C25456}.Debug|Any CPU.ActiveCfg = Debug|Any CPU
		{410E733D-3666-415D-B601-0E5976C25456}.Debug|Any CPU.Build.0 = Debug|Any CPU
		{410E733D-3666-415D-B601-0E5976C25456}.Release|Any CPU.ActiveCfg = Release|Any CPU
		{410E733D-3666-415D-B601-0E5976C25456}.Release|Any CPU.Build.0 = Release|Any CPU
		{71F86462-3A3A-49F8-BB7F-53816D28EE27}.Debug|Any CPU.ActiveCfg = Debug|Any CPU
		{71F86462-3A3A-49F8-BB7F-53816D28EE27}.Debug|Any CPU.Build.0 = Debug|Any CPU
		{71F86462-3A3A-49F8-BB7F-53816D28EE27}.Release|Any CPU.ActiveCfg = Release|Any CPU
		{71F86462-3A3A-49F8-BB7F-53816D28EE27}.Release|Any CPU.Build.0 = Release|Any CPU
		{22A1505D-6193-41DB-91EC-ADB49DB84EE3}.Debug|Any CPU.ActiveCfg = Debug|Any CPU
		{22A1505D-6193-41DB-91EC-ADB49DB84EE3}.Debug|Any CPU.Build.0 = Debug|Any CPU
		{22A1505D-6193-41DB-91EC-ADB49DB84EE3}.Release|Any CPU.ActiveCfg = Release|Any CPU
		{22A1505D-6193-41DB-91EC-ADB49DB84EE3}.Release|Any CPU.Build.0 = Release|Any CPU
	EndGlobalSection
	GlobalSection(SolutionProperties) = preSolution
		HideSolutionNode = FALSE
	EndGlobalSection
	GlobalSection(ExtensibilityGlobals) = postSolution
		SolutionGuid = {F6D8A80D-A7EE-459F-A252-731684690A00}
	EndGlobalSection
EndGlobal
